
Microsoft Visual Studio Solution File, Format Version 12.00
# Visual Studio Version 17
VisualStudioVersion = 17.0.32002.185
MinimumVisualStudioVersion = 10.0.40219.1
Project("{9A19103F-16F7-4668-BE54-9A1E7A4F7556}") = "Module", "Module\Module.csproj", "{37E49978-19C7-4666-88ED-3C71151B868E}"
EndProject
Project("{9A19103F-16F7-4668-BE54-9A1E7A4F7556}") = "ModuleTests", "ModuleTests\ModuleTests.csproj", "{20C2E6C4-8132-4C32-B9B9-65E0BBC893AA}"
EndProject
Global
	GlobalSection(SolutionConfigurationPlatforms) = preSolution
		Debug|Any CPU = Debug|Any CPU
		Release|Any CPU = Release|Any CPU
	EndGlobalSection
	GlobalSection(ProjectConfigurationPlatforms) = postSolution
		{37E49978-19C7-4666-88ED-3C71151B868E}.Debug|Any CPU.ActiveCfg = Debug|Any CPU
		{37E49978-19C7-4666-88ED-3C71151B868E}.Debug|Any CPU.Build.0 = Debug|Any CPU
		{37E49978-19C7-4666-88ED-3C71151B868E}.Release|Any CPU.ActiveCfg = Release|Any CPU
		{37E49978-19C7-4666-88ED-3C71151B868E}.Release|Any CPU.Build.0 = Release|Any CPU
		{20C2E6C4-8132-4C32-B9B9-65E0BBC893AA}.Debug|Any CPU.ActiveCfg = Debug|Any CPU
		{20C2E6C4-8132-4C32-B9B9-65E0BBC893AA}.Debug|Any CPU.Build.0 = Debug|Any CPU
		{20C2E6C4-8132-4C32-B9B9-65E0BBC893AA}.Release|Any CPU.ActiveCfg = Release|Any CPU
		{20C2E6C4-8132-4C32-B9B9-65E0BBC893AA}.Release|Any CPU.Build.0 = Release|Any CPU
	EndGlobalSection
	GlobalSection(SolutionProperties) = preSolution
		HideSolutionNode = FALSE
	EndGlobalSection
	GlobalSection(ExtensibilityGlobals) = postSolution
		SolutionGuid = {13910076-2A9D-43B8-8258-DB7E7671AAD8}
	EndGlobalSection
EndGlobal
